
Microsoft Visual Studio Solution File, Format Version 10.00
# Visual Studio 2008
Project("{8BC9CEB8-8B4A-11D0-8D11-00A0C91BC942}") = "QhullMex", "QhullMex\QhullMex.vcproj", "{6F04F1B2-8CCF-4529-A295-EE80FD17A585}"
	ProjectSection(ProjectDependencies) = postProject
		{346B4633-5623-47A0-AA35-63966AC20B03} = {346B4633-5623-47A0-AA35-63966AC20B03}
	EndProjectSection
EndProject
Project("{8BC9CEB8-8B4A-11D0-8D11-00A0C91BC942}") = "libqhullp", "..\..\..\..\CS\c++files\Computational Geometry Libraries\Qhull\qhull-qhull\project\libqhullp.vcproj", "{346B4633-5623-47A0-AA35-63966AC20B03}"
EndProject
Global
	GlobalSection(SolutionConfigurationPlatforms) = preSolution
		Debug|Win32 = Debug|Win32
		Debug|x64 = Debug|x64
		Release|Win32 = Release|Win32
		Release|x64 = Release|x64
	EndGlobalSection
	GlobalSection(ProjectConfigurationPlatforms) = postSolution
		{6F04F1B2-8CCF-4529-A295-EE80FD17A585}.Debug|Win32.ActiveCfg = Debug|Win32
		{6F04F1B2-8CCF-4529-A295-EE80FD17A585}.Debug|Win32.Build.0 = Debug|Win32
		{6F04F1B2-8CCF-4529-A295-EE80FD17A585}.Debug|x64.ActiveCfg = Debug|x64
		{6F04F1B2-8CCF-4529-A295-EE80FD17A585}.Debug|x64.Build.0 = Debug|x64
		{6F04F1B2-8CCF-4529-A295-EE80FD17A585}.Release|Win32.ActiveCfg = Release|Win32
		{6F04F1B2-8CCF-4529-A295-EE80FD17A585}.Release|Win32.Build.0 = Release|Win32
		{6F04F1B2-8CCF-4529-A295-EE80FD17A585}.Release|x64.ActiveCfg = Release|x64
		{6F04F1B2-8CCF-4529-A295-EE80FD17A585}.Release|x64.Build.0 = Release|x64
		{346B4633-5623-47A0-AA35-63966AC20B03}.Debug|Win32.ActiveCfg = Debug|Win32
		{346B4633-5623-47A0-AA35-63966AC20B03}.Debug|Win32.Build.0 = Debug|Win32
		{346B4633-5623-47A0-AA35-63966AC20B03}.Debug|x64.ActiveCfg = Debug|x64
		{346B4633-5623-47A0-AA35-63966AC20B03}.Debug|x64.Build.0 = Debug|x64
		{346B4633-5623-47A0-AA35-63966AC20B03}.Release|Win32.ActiveCfg = Release|Win32
		{346B4633-5623-47A0-AA35-63966AC20B03}.Release|Win32.Build.0 = Release|Win32
		{346B4633-5623-47A0-AA35-63966AC20B03}.Release|x64.ActiveCfg = Release|x64
		{346B4633-5623-47A0-AA35-63966AC20B03}.Release|x64.Build.0 = Release|x64
	EndGlobalSection
	GlobalSection(SolutionProperties) = preSolution
		HideSolutionNode = FALSE
	EndGlobalSection
EndGlobal
