
Microsoft Visual Studio Solution File, Format Version 10.00
# Visual Studio 2008
Project("{8BC9CEB8-8B4A-11D0-8D11-00A0C91BC942}") = "ContinuosCollisionDetectionC2A", "C2ACCD\C2ACCD.vcproj", "{F068BED8-3431-4DAB-A34F-5FF5828CBEE0}"
	ProjectSection(ProjectDependencies) = postProject
		{1DCF5D59-6E61-4C98-A863-36BF15532385} = {1DCF5D59-6E61-4C98-A863-36BF15532385}
		{8B36BFF5-84A4-45F1-A189-998B0A12778E} = {8B36BFF5-84A4-45F1-A189-998B0A12778E}
		{ECFA94FE-DCFE-4411-B384-913807F6BE3C} = {ECFA94FE-DCFE-4411-B384-913807F6BE3C}
	EndProjectSection
EndProject
Project("{8BC9CEB8-8B4A-11D0-8D11-00A0C91BC942}") = "PQP", "..\..\..\..\CS\c++files\Collision Detection Libraries\C2A_1.2.2\C2A_1.2\C2A_1.2\ProximityQuery\PQP_v1.3\PQP.vcproj", "{ECFA94FE-DCFE-4411-B384-913807F6BE3C}"
EndProject
Project("{8BC9CEB8-8B4A-11D0-8D11-00A0C91BC942}") = "C2A", "..\..\..\..\CS\c++files\Collision Detection Libraries\C2A_1.2.2\C2A_1.2\C2A_1.2\ProximityQuery\C2A\build\C2A.vcproj", "{1DCF5D59-6E61-4C98-A863-36BF15532385}"
	ProjectSection(ProjectDependencies) = postProject
		{ECFA94FE-DCFE-4411-B384-913807F6BE3C} = {ECFA94FE-DCFE-4411-B384-913807F6BE3C}
	EndProjectSection
EndProject
Project("{8BC9CEB8-8B4A-11D0-8D11-00A0C91BC942}") = "LinearMath", "LinearMath\LinearMath.vcproj", "{8B36BFF5-84A4-45F1-A189-998B0A12778E}"
EndProject
Global
	GlobalSection(SolutionConfigurationPlatforms) = preSolution
		Debug|Win32 = Debug|Win32
		Debug|x64 = Debug|x64
		Release|Win32 = Release|Win32
		Release|x64 = Release|x64
	EndGlobalSection
	GlobalSection(ProjectConfigurationPlatforms) = postSolution
		{F068BED8-3431-4DAB-A34F-5FF5828CBEE0}.Debug|Win32.ActiveCfg = Debug|Win32
		{F068BED8-3431-4DAB-A34F-5FF5828CBEE0}.Debug|Win32.Build.0 = Debug|Win32
		{F068BED8-3431-4DAB-A34F-5FF5828CBEE0}.Debug|x64.ActiveCfg = Debug|Win32
		{F068BED8-3431-4DAB-A34F-5FF5828CBEE0}.Release|Win32.ActiveCfg = Release|Win32
		{F068BED8-3431-4DAB-A34F-5FF5828CBEE0}.Release|Win32.Build.0 = Release|Win32
		{F068BED8-3431-4DAB-A34F-5FF5828CBEE0}.Release|x64.ActiveCfg = Release|x64
		{F068BED8-3431-4DAB-A34F-5FF5828CBEE0}.Release|x64.Build.0 = Release|x64
		{ECFA94FE-DCFE-4411-B384-913807F6BE3C}.Debug|Win32.ActiveCfg = Debug|Win32
		{ECFA94FE-DCFE-4411-B384-913807F6BE3C}.Debug|Win32.Build.0 = Debug|Win32
		{ECFA94FE-DCFE-4411-B384-913807F6BE3C}.Debug|x64.ActiveCfg = Debug|Win32
		{ECFA94FE-DCFE-4411-B384-913807F6BE3C}.Release|Win32.ActiveCfg = Release|Win32
		{ECFA94FE-DCFE-4411-B384-913807F6BE3C}.Release|Win32.Build.0 = Release|Win32
		{ECFA94FE-DCFE-4411-B384-913807F6BE3C}.Release|x64.ActiveCfg = Release|x64
		{ECFA94FE-DCFE-4411-B384-913807F6BE3C}.Release|x64.Build.0 = Release|x64
		{1DCF5D59-6E61-4C98-A863-36BF15532385}.Debug|Win32.ActiveCfg = Debug|Win32
		{1DCF5D59-6E61-4C98-A863-36BF15532385}.Debug|Win32.Build.0 = Debug|Win32
		{1DCF5D59-6E61-4C98-A863-36BF15532385}.Debug|x64.ActiveCfg = Debug|Win32
		{1DCF5D59-6E61-4C98-A863-36BF15532385}.Release|Win32.ActiveCfg = Release|Win32
		{1DCF5D59-6E61-4C98-A863-36BF15532385}.Release|Win32.Build.0 = Release|Win32
		{1DCF5D59-6E61-4C98-A863-36BF15532385}.Release|x64.ActiveCfg = Release|x64
		{1DCF5D59-6E61-4C98-A863-36BF15532385}.Release|x64.Build.0 = Release|x64
		{8B36BFF5-84A4-45F1-A189-998B0A12778E}.Debug|Win32.ActiveCfg = Debug|Win32
		{8B36BFF5-84A4-45F1-A189-998B0A12778E}.Debug|Win32.Build.0 = Debug|Win32
		{8B36BFF5-84A4-45F1-A189-998B0A12778E}.Debug|x64.ActiveCfg = Debug|x64
		{8B36BFF5-84A4-45F1-A189-998B0A12778E}.Debug|x64.Build.0 = Debug|x64
		{8B36BFF5-84A4-45F1-A189-998B0A12778E}.Release|Win32.ActiveCfg = Release|Win32
		{8B36BFF5-84A4-45F1-A189-998B0A12778E}.Release|Win32.Build.0 = Release|Win32
		{8B36BFF5-84A4-45F1-A189-998B0A12778E}.Release|x64.ActiveCfg = Release|x64
		{8B36BFF5-84A4-45F1-A189-998B0A12778E}.Release|x64.Build.0 = Release|x64
	EndGlobalSection
	GlobalSection(SolutionProperties) = preSolution
		HideSolutionNode = FALSE
	EndGlobalSection
EndGlobal
